
Microsoft Visual Studio Solution File, Format Version 12.00
# Visual Studio Version 16
VisualStudioVersion = 16.0.810.4
MinimumVisualStudioVersion = 10.0.40219.1
Project("{FAE04EC0-301F-11D3-BF4B-00C04F79EFBC}") = "myWebApp", "myWebApp.csproj", "{4D344B14-2FB6-4430-852F-CC76D480D5A3}"
EndProject
Global
	GlobalSection(SolutionConfigurationPlatforms) = preSolution
		Debug|Any CPU = Debug|Any CPU
		Release|Any CPU = Release|Any CPU
	EndGlobalSection
	GlobalSection(ProjectConfigurationPlatforms) = postSolution
		{4D344B14-2FB6-4430-852F-CC76D480D5A3}.Debug|Any CPU.ActiveCfg = Debug|Any CPU
		{4D344B14-2FB6-4430-852F-CC76D480D5A3}.Debug|Any CPU.Build.0 = Debug|Any CPU
		{4D344B14-2FB6-4430-852F-CC76D480D5A3}.Release|Any CPU.ActiveCfg = Release|Any CPU
		{4D344B14-2FB6-4430-852F-CC76D480D5A3}.Release|Any CPU.Build.0 = Release|Any CPU
	EndGlobalSection
	GlobalSection(SolutionProperties) = preSolution
		HideSolutionNode = FALSE
	EndGlobalSection
	GlobalSection(ExtensibilityGlobals) = postSolution
		SolutionGuid = {91C4FE44-FB71-454C-B405-E55B845ACCE9}
	EndGlobalSection
EndGlobal
